
Microsoft Visual Studio Solution File, Format Version 12.00
# Visual Studio 2012
Project("{FAE04EC0-301F-11D3-BF4B-00C04F79EFBC}") = "Disering", "Disering\Disering.csproj", "{B50AFDFA-52AA-4579-B8A2-2E59723A240E}"
EndProject
Global
	GlobalSection(SolutionConfigurationPlatforms) = preSolution
		Debug|x86 = Debug|x86
		Release|x86 = Release|x86
	EndGlobalSection
	GlobalSection(ProjectConfigurationPlatforms) = postSolution
		{B50AFDFA-52AA-4579-B8A2-2E59723A240E}.Debug|x86.ActiveCfg = Debug|x86
		{B50AFDFA-52AA-4579-B8A2-2E59723A240E}.Debug|x86.Build.0 = Debug|x86
		{B50AFDFA-52AA-4579-B8A2-2E59723A240E}.Release|x86.ActiveCfg = Release|x86
		{B50AFDFA-52AA-4579-B8A2-2E59723A240E}.Release|x86.Build.0 = Release|x86
	EndGlobalSection
	GlobalSection(SolutionProperties) = preSolution
		HideSolutionNode = FALSE
	EndGlobalSection
EndGlobal
